
Microsoft Visual Studio Solution File, Format Version 12.00
# Visual Studio Version 17
VisualStudioVersion = 17.11.35431.28
MinimumVisualStudioVersion = 10.0.40219.1
Project("{9A19103F-16F7-4668-BE54-9A1E7A4F7556}") = "SkipList", "SkipList\SkipList.csproj", "{BD6835D2-0DE4-404E-9FA7-EF89A38AB556}"
EndProject
Project("{FAE04EC0-301F-11D3-BF4B-00C04F79EFBC}") = "SkipListTest", "SkipListTest\SkipListTest.csproj", "{0D8795AB-F161-4816-9B59-22E3A7941B82}"
EndProject
Global
	GlobalSection(SolutionConfigurationPlatforms) = preSolution
		Debug|Any CPU = Debug|Any CPU
		Release|Any CPU = Release|Any CPU
	EndGlobalSection
	GlobalSection(ProjectConfigurationPlatforms) = postSolution
		{BD6835D2-0DE4-404E-9FA7-EF89A38AB556}.Debug|Any CPU.ActiveCfg = Debug|Any CPU
		{BD6835D2-0DE4-404E-9FA7-EF89A38AB556}.Debug|Any CPU.Build.0 = Debug|Any CPU
		{BD6835D2-0DE4-404E-9FA7-EF89A38AB556}.Release|Any CPU.ActiveCfg = Release|Any CPU
		{BD6835D2-0DE4-404E-9FA7-EF89A38AB556}.Release|Any CPU.Build.0 = Release|Any CPU
		{0D8795AB-F161-4816-9B59-22E3A7941B82}.Debug|Any CPU.ActiveCfg = Debug|Any CPU
		{0D8795AB-F161-4816-9B59-22E3A7941B82}.Debug|Any CPU.Build.0 = Debug|Any CPU
		{0D8795AB-F161-4816-9B59-22E3A7941B82}.Release|Any CPU.ActiveCfg = Release|Any CPU
		{0D8795AB-F161-4816-9B59-22E3A7941B82}.Release|Any CPU.Build.0 = Release|Any CPU
	EndGlobalSection
	GlobalSection(SolutionProperties) = preSolution
		HideSolutionNode = FALSE
	EndGlobalSection
	GlobalSection(ExtensibilityGlobals) = postSolution
		SolutionGuid = {2C32661F-560D-4DF1-A5EB-0091F9471A0F}
	EndGlobalSection
EndGlobal
